# This file is automatically @generated by Poetry 2.2.1 and should not be changed by hand.

[[package]]
name = "colorama"
version = "0.4.6"
description = "Cross-platform colored terminal text."
optional = false
python-versions = "!=3.0.*,!=3.1.*,!=3.2.*,!=3.3.*,!=3.4.*,!=3.5.*,!=3.6.*,>=2.7"
groups = ["dev"]
markers = "sys_platform == \"win32\""
files = [
    {file = "colorama-0.4.6-py2.py3-none-any.whl", hash = "sha256:4f1d9991f5acc0ca119f9d443620b77f9d6b33703e51011c16baf57afb285fc6"},
    {file = "colorama-0.4.6.tar.gz", hash = "sha256:08695f5cb7ed6e0531a20572697297273c47b8cae5a63ffc6d6ed5c201be6e44"},
]

[[package]]
name = "duckdb"
version = "1.4.2"
description = "DuckDB in-process database"
optional = false
python-versions = ">=3.9.0"
groups = ["main"]
files = [
    {file = "duckdb-1.4.2-cp310-cp310-macosx_10_9_universal2.whl", hash = "sha256:85f0c36c1b5f378d96dd7d8c6d312317f4f547a567e8b76cacb2590a31d931f3"},
    {file = "duckdb-1.4.2-cp310-cp310-macosx_10_9_x86_64.whl", hash = "sha256:125cd89dbfd40846f216032b11e5eeaf2be13ee4d6745b82413ddd213ddc4d99"},
    {file = "duckdb-1.4.2-cp310-cp310-macosx_11_0_arm64.whl", hash = "sha256:e1c80934cb15879844a752776a1ea3d1405635f307f5bb8b87c99f5a5564d33a"},
    {file = "duckdb-1.4.2-cp310-cp310-manylinux_2_26_aarch64.manylinux_2_28_aarch64.whl", hash = "sha256:2d3c39429b3ce1ee33d86daa94bed75a1f5b0fcf4d66d0839a6fcee398894548"},
    {file = "duckdb-1.4.2-cp310-cp310-manylinux_2_26_x86_64.manylinux_2_28_x86_64.whl", hash = "sha256:4da7aafa94800f475d287814ad91993cf1f912c16f76ff4b411769da40c4b7da"},
    {file = "duckdb-1.4.2-cp310-cp310-win_amd64.whl", hash = "sha256:c45e0e682ee9073c36dc34d7ad8033210bfea0cab80cc98d1eca516227b35fdf"},
    {file = "duckdb-1.4.2-cp311-cp311-macosx_10_9_universal2.whl", hash = "sha256:b2d882672b61bc6117a2c524cf64ea519d2e829295951d214f04e126f1549b09"},
    {file = "duckdb-1.4.2-cp311-cp311-macosx_10_9_x86_64.whl", hash = "sha256:995ec9c1fc3ce5fbfe5950b980ede2a9d51b35fdf2e3f873ce94c22fc3355fdc"},
    {file = "duckdb-1.4.2-cp311-cp311-macosx_11_0_arm64.whl", hash = "sha256:19d2c2f3cdf0242cad42e803602bbc2636706fc1d2d260ffac815ea2e3a018e8"},
    {file = "duckdb-1.4.2-cp311-cp311-manylinux_2_26_aarch64.manylinux_2_28_aarch64.whl", hash = "sha256:7a496a04458590dcec8e928122ebe2ecbb42c3e1de4119f5461f7bf547acbe79"},
    {file = "duckdb-1.4.2-cp311-cp311-manylinux_2_26_x86_64.manylinux_2_28_x86_64.whl", hash = "sha256:0c2315b693f201787c9892f31eb9a0484d3c648edb3578a86dc8c1284dd2873a"},
    {file = "duckdb-1.4.2-cp311-cp311-win_amd64.whl", hash = "sha256:bdd2d808806ceeeec33ba89665a0bb707af8815f2ca40e6c4c581966c0628ba1"},
    {file = "duckdb-1.4.2-cp312-cp312-macosx_10_13_universal2.whl", hash = "sha256:9356fe17af2711e0a5ace4b20a0373e03163545fd7516e0c3c40428f44597052"},
    {file = "duckdb-1.4.2-cp312-cp312-macosx_10_13_x86_64.whl", hash = "sha256:946a8374c0252db3fa41165ab9952b48adc8de06561a6b5fd62025ac700e492f"},
    {file = "duckdb-1.4.2-cp312-cp312-macosx_11_0_arm64.whl", hash = "sha256:389fa9abe4ca37d091332a2f8c3ebd713f18e87dc4cb5e8efd3e5aa8ddf8885f"},
    {file = "duckdb-1.4.2-cp312-cp312-manylinux_2_26_aarch64.manylinux_2_28_aarch64.whl", hash = "sha256:7be8c0c40f2264b91500b89c688f743e1c7764966e988f680b1f19416b00052e"},
    {file = "duckdb-1.4.2-cp312-cp312-manylinux_2_26_x86_64.manylinux_2_28_x86_64.whl", hash = "sha256:c6a21732dd52a76f1e61484c06d65800b18f57fe29e8102a7466c201a2221604"},
    {file = "duckdb-1.4.2-cp312-cp312-win_amd64.whl", hash = "sha256:769440f4507c20542ae2e5b87f6c6c6d3f148c0aa8f912528f6c97e9aedf6a21"},
    {file = "duckdb-1.4.2-cp313-cp313-macosx_10_13_universal2.whl", hash = "sha256:de646227fc2c53101ac84e86e444e7561aa077387aca8b37052f3803ee690a17"},
    {file = "duckdb-1.4.2-cp313-cp313-macosx_10_13_x86_64.whl", hash = "sha256:f1fac31babda2045d4cdefe6d0fd2ebdd8d4c2a333fbcc11607cfeaec202d18d"},
    {file = "duckdb-1.4.2-cp313-cp313-macosx_11_0_arm64.whl", hash = "sha256:43ac632f40ab1aede9b4ce3c09ea043f26f3db97b83c07c632c84ebd7f7c0f4a"},
    {file = "duckdb-1.4.2-cp313-cp313-manylinux_2_26_aarch64.manylinux_2_28_aarch64.whl", hash = "sha256:77db030b48321bf785767b7b1800bf657dd2584f6df0a77e05201ecd22017da2"},
    {file = "duckdb-1.4.2-cp313-cp313-manylinux_2_26_x86_64.manylinux_2_28_x86_64.whl", hash = "sha256:a456adbc3459c9dcd99052fad20bd5f8ef642be5b04d09590376b2eb3eb84f5c"},
    {file = "duckdb-1.4.2-cp313-cp313-win_amd64.whl", hash = "sha256:2f7c61617d2b1da3da5d7e215be616ad45aa3221c4b9e2c4d1c28ed09bc3c1c4"},
    {file = "duckdb-1.4.2-cp314-cp314-macosx_10_15_universal2.whl", hash = "sha256:422be8c6bdc98366c97f464b204b81b892bf962abeae6b0184104b8233da4f19"},
    {file = "duckdb-1.4.2-cp314-cp314-macosx_10_15_x86_64.whl", hash = "sha256:459b1855bd06a226a2838da4f14c8863fd87a62e63d414a7f7f682a7c616511a"},
    {file = "duckdb-1.4.2-cp314-cp314-macosx_11_0_arm64.whl", hash = "sha256:20c45b4ead1ea4d23a1be1cd4f1dfc635e58b55f0dd11e38781369be6c549903"},
    {file = "duckdb-1.4.2-cp314-cp314-manylinux_2_26_aarch64.manylinux_2_28_aarch64.whl", hash = "sha256:2e552451054534970dc999e69ca5ae5c606458548c43fb66d772117760485096"},
    {file = "duckdb-1.4.2-cp314-cp314-manylinux_2_26_x86_64.manylinux_2_28_x86_64.whl", hash = "sha256:128c97dab574a438d7c8d020670b21c68792267d88e65a7773667b556541fa9b"},
    {file = "duckdb-1.4.2-cp314-cp314-win_amd64.whl", hash = "sha256:dfcc56a83420c0dec0b83e97a6b33addac1b7554b8828894f9d203955591218c"},
    {file = "duckdb-1.4.2-cp39-cp39-macosx_10_9_universal2.whl", hash = "sha256:4d757dae8c63eeb001517ce4cfba768f87f90628c5d22f230773c1fe0b430c5c"},
    {file = "duckdb-1.4.2-cp39-cp39-macosx_10_9_x86_64.whl", hash = "sha256:d4af73198e56ba3bc1b2a05eaaf93d162615c225c031685f2a20ef6b2798ed33"},
    {file = "duckdb-1.4.2-cp39-cp39-macosx_11_0_arm64.whl", hash = "sha256:9106c7292cff824e9497233bb16867ab3bca82885a11f1b533e7ecabf8073b34"},
    {file = "duckdb-1.4.2-cp39-cp39-manylinux_2_26_aarch64.manylinux_2_28_aarch64.whl", hash = "sha256:449fa37cdefa85bf925681e551157f3cb6434ee85c8329d2f72d52e432e8810f"},
    {file = "duckdb-1.4.2-cp39-cp39-manylinux_2_26_x86_64.manylinux_2_28_x86_64.whl", hash = "sha256:c5feb658ed728cfc42d6fe5ff4e2035faf438a3f10c875f3cfa39ef9e2a2c004"},
    {file = "duckdb-1.4.2-cp39-cp39-win_amd64.whl", hash = "sha256:c6d41fea4f9038663e6b9c325075a843fd105eaff0ec3d5fe31dfa9014114c3e"},
    {file = "duckdb-1.4.2.tar.gz", hash = "sha256:df81acee3b15ecb2c72eb8f8579fb5922f6f56c71f5c8892ea3bc6fab39aa2c4"},
]

[package.extras]
all = ["adbc-driver-manager", "fsspec", "ipython", "numpy", "pandas", "pyarrow"]

[[package]]
name = "iniconfig"
version = "2.3.0"
description = "brain-dead simple config-ini parsing"
optional = false
python-versions = ">=3.10"
groups = ["dev"]
files = [
    {file = "iniconfig-2.3.0-py3-none-any.whl", hash = "sha256:f631c04d2c48c52b84d0d0549c99ff3859c98df65b3101406327ecc7d53fbf12"},
    {file = "iniconfig-2.3.0.tar.gz", hash = "sha256:c76315c77db068650d49c5b56314774a7804df16fee4402c1f19d6d15d8c4730"},
]

[[package]]
name = "packaging"
version = "25.0"
description = "Core utilities for Python packages"
optional = false
python-versions = ">=3.8"
groups = ["dev"]
files = [
    {file = "packaging-25.0-py3-none-any.whl", hash = "sha256:29572ef2b1f17581046b3a2227d5c611fb25ec70ca1ba8554b24b0e69331a484"},
    {file = "packaging-25.0.tar.gz", hash = "sha256:d443872c98d677bf60f6a1f2f8c1cb748e8fe762d2bf9d3148b5599295b0fc4f"},
]

[[package]]
name = "pluggy"
version = "1.6.0"
description = "plugin and hook calling mechanisms for python"
optional = false
python-versions = ">=3.9"
groups = ["dev"]
files = [
    {file = "pluggy-1.6.0-py3-none-any.whl", hash = "sha256:e920276dd6813095e9377c0bc5566d94c932c33b27a3e3945d8389c374dd4746"},
    {file = "pluggy-1.6.0.tar.gz", hash = "sha256:7dcc130b76258d33b90f61b658791dede3486c3e6bfb003ee5c9bfb396dd22f3"},
]

[package.extras]
dev = ["pre-commit", "tox"]
testing = ["coverage", "pytest", "pytest-benchmark"]

[[package]]
name = "polars"
version = "1.35.2"
description = "Blazingly fast DataFrame library"
optional = false
python-versions = ">=3.9"
groups = ["main"]
files = [
    {file = "polars-1.35.2-py3-none-any.whl", hash = "sha256:5e8057c8289ac148c793478323b726faea933d9776bd6b8a554b0ab7c03db87e"},
    {file = "polars-1.35.2.tar.gz", hash = "sha256:ae458b05ca6e7ca2c089342c70793f92f1103c502dc1b14b56f0a04f2cc1d205"},
]

[package.dependencies]
polars-runtime-32 = "1.35.2"

[package.extras]
adbc = ["adbc-driver-manager[dbapi]", "adbc-driver-sqlite[dbapi]"]
all = ["polars[async,cloudpickle,database,deltalake,excel,fsspec,graph,iceberg,numpy,pandas,plot,pyarrow,pydantic,style,timezone]"]
async = ["gevent"]
calamine = ["fastexcel (>=0.9)"]
cloudpickle = ["cloudpickle"]
connectorx = ["connectorx (>=0.3.2)"]
database = ["polars[adbc,connectorx,sqlalchemy]"]
deltalake = ["deltalake (>=1.0.0)"]
excel = ["polars[calamine,openpyxl,xlsx2csv,xlsxwriter]"]
fsspec = ["fsspec"]
gpu = ["cudf-polars-cu12"]
graph = ["matplotlib"]
iceberg = ["pyiceberg (>=0.7.1)"]
numpy = ["numpy (>=1.16.0)"]
openpyxl = ["openpyxl (>=3.0.0)"]
pandas = ["pandas", "polars[pyarrow]"]
plot = ["altair (>=5.4.0)"]
polars-cloud = ["polars_cloud (>=0.0.1a1)"]
pyarrow = ["pyarrow (>=7.0.0)"]
pydantic = ["pydantic"]
rt64 = ["polars-runtime-64 (==1.35.2)"]
rtcompat = ["polars-runtime-compat (==1.35.2)"]
sqlalchemy = ["polars[pandas]", "sqlalchemy"]
style = ["great-tables (>=0.8.0)"]
timezone = ["tzdata ; platform_system == \"Windows\""]
xlsx2csv = ["xlsx2csv (>=0.8.0)"]
xlsxwriter = ["xlsxwriter"]

[[package]]
name = "polars-runtime-32"
version = "1.35.2"
description = "Blazingly fast DataFrame library"
optional = false
python-versions = ">=3.9"
groups = ["main"]
files = [
    {file = "polars_runtime_32-1.35.2-cp39-abi3-macosx_10_12_x86_64.whl", hash = "sha256:e465d12a29e8df06ea78947e50bd361cdf77535cd904fd562666a8a9374e7e3a"},
    {file = "polars_runtime_32-1.35.2-cp39-abi3-macosx_11_0_arm64.whl", hash = "sha256:ef2b029b78f64fb53f126654c0bfa654045c7546bd0de3009d08bd52d660e8cc"},
    {file = "polars_runtime_32-1.35.2-cp39-abi3-manylinux_2_17_x86_64.manylinux2014_x86_64.whl", hash = "sha256:85dda0994b5dff7f456bb2f4bbd22be9a9e5c5e28670e23fedb13601ec99a46d"},
    {file = "polars_runtime_32-1.35.2-cp39-abi3-manylinux_2_24_aarch64.whl", hash = "sha256:3b9006902fc51b768ff747c0f74bd4ce04005ee8aeb290ce9c07ce1cbe1b58a9"},
    {file = "polars_runtime_32-1.35.2-cp39-abi3-win_amd64.whl", hash = "sha256:ddc015fac39735592e2e7c834c02193ba4d257bb4c8c7478b9ebe440b0756b84"},
    {file = "polars_runtime_32-1.35.2-cp39-abi3-win_arm64.whl", hash = "sha256:6861145aa321a44eda7cc6694fb7751cb7aa0f21026df51b5faa52e64f9dc39b"},
    {file = "polars_runtime_32-1.35.2.tar.gz", hash = "sha256:6e6e35733ec52abe54b7d30d245e6586b027d433315d20edfb4a5d162c79fe90"},
]

[[package]]
name = "pygments"
version = "2.19.2"
description = "Pygments is a syntax highlighting package written in Python."
optional = false
python-versions = ">=3.8"
groups = ["dev"]
files = [
    {file = "pygments-2.19.2-py3-none-any.whl", hash = "sha256:86540386c03d588bb81d44bc3928634ff26449851e99741617ecb9037ee5ec0b"},
    {file = "pygments-2.19.2.tar.gz", hash = "sha256:636cb2477cec7f8952536970bc533bc43743542f70392ae026374600add5b887"},
]

[package.extras]
windows-terminal = ["colorama (>=0.4.6)"]

[[package]]
name = "pytest"
version = "9.0.1"
description = "pytest: simple powerful testing with Python"
optional = false
python-versions = ">=3.10"
groups = ["dev"]
files = [
    {file = "pytest-9.0.1-py3-none-any.whl", hash = "sha256:67be0030d194df2dfa7b556f2e56fb3c3315bd5c8822c6951162b92b32ce7dad"},
    {file = "pytest-9.0.1.tar.gz", hash = "sha256:3e9c069ea73583e255c3b21cf46b8d3c56f6e3a1a8f6da94ccb0fcf57b9d73c8"},
]

[package.dependencies]
colorama = {version = ">=0.4", markers = "sys_platform == \"win32\""}
iniconfig = ">=1.0.1"
packaging = ">=22"
pluggy = ">=1.5,<2"
pygments = ">=2.7.2"

[package.extras]
dev = ["argcomplete", "attrs (>=19.2)", "hypothesis (>=3.56)", "mock", "requests", "setuptools", "xmlschema"]

[[package]]
name = "ruff"
version = "0.14.8"
description = "An extremely fast Python linter and code formatter, written in Rust."
optional = false
python-versions = ">=3.7"
groups = ["dev"]
files = [
    {file = "ruff-0.14.8-py3-none-linux_armv6l.whl", hash = "sha256:ec071e9c82eca417f6111fd39f7043acb53cd3fde9b1f95bbed745962e345afb"},
    {file = "ruff-0.14.8-py3-none-macosx_10_12_x86_64.whl", hash = "sha256:8cdb162a7159f4ca36ce980a18c43d8f036966e7f73f866ac8f493b75e0c27e9"},
    {file = "ruff-0.14.8-py3-none-macosx_11_0_arm64.whl", hash = "sha256:2e2fcbefe91f9fad0916850edf0854530c15bd1926b6b779de47e9ab619ea38f"},
    {file = "ruff-0.14.8-py3-none-manylinux_2_17_aarch64.manylinux2014_aarch64.whl", hash = "sha256:a9d70721066a296f45786ec31916dc287b44040f553da21564de0ab4d45a869b"},
    {file = "ruff-0.14.8-py3-none-manylinux_2_17_armv7l.manylinux2014_armv7l.whl", hash = "sha256:2c87e09b3cd9d126fc67a9ecd3b5b1d3ded2b9c7fce3f16e315346b9d05cfb52"},
    {file = "ruff-0.14.8-py3-none-manylinux_2_17_i686.manylinux2014_i686.whl", hash = "sha256:1d62cb310c4fbcb9ee4ac023fe17f984ae1e12b8a4a02e3d21489f9a2a5f730c"},
    {file = "ruff-0.14.8-py3-none-manylinux_2_17_ppc64.manylinux2014_ppc64.whl", hash = "sha256:1af35c2d62633d4da0521178e8a2641c636d2a7153da0bac1b30cfd4ccd91344"},
    {file = "ruff-0.14.8-py3-none-manylinux_2_17_ppc64le.manylinux2014_ppc64le.whl", hash = "sha256:25add4575ffecc53d60eed3f24b1e934493631b48ebbc6ebaf9d8517924aca4b"},
    {file = "ruff-0.14.8-py3-none-manylinux_2_17_s390x.manylinux2014_s390x.whl", hash = "sha256:4c943d847b7f02f7db4201a0600ea7d244d8a404fbb639b439e987edcf2baf9a"},
    {file = "ruff-0.14.8-py3-none-manylinux_2_17_x86_64.manylinux2014_x86_64.whl", hash = "sha256:cb6e8bf7b4f627548daa1b69283dac5a296bfe9ce856703b03130732e20ddfe2"},
    {file = "ruff-0.14.8-py3-none-manylinux_2_31_riscv64.whl", hash = "sha256:7aaf2974f378e6b01d1e257c6948207aec6a9b5ba53fab23d0182efb887a0e4a"},
    {file = "ruff-0.14.8-py3-none-musllinux_1_2_aarch64.whl", hash = "sha256:e5758ca513c43ad8a4ef13f0f081f80f08008f410790f3611a21a92421ab045b"},
    {file = "ruff-0.14.8-py3-none-musllinux_1_2_armv7l.whl", hash = "sha256:f74f7ba163b6e85a8d81a590363bf71618847e5078d90827749bfda1d88c9cdf"},
    {file = "ruff-0.14.8-py3-none-musllinux_1_2_i686.whl", hash = "sha256:eed28f6fafcc9591994c42254f5a5c5ca40e69a30721d2ab18bb0bb3baac3ab6"},
    {file = "ruff-0.14.8-py3-none-musllinux_1_2_x86_64.whl", hash = "sha256:21d48fa744c9d1cb8d71eb0a740c4dd02751a5de9db9a730a8ef75ca34cf138e"},
    {file = "ruff-0.14.8-py3-none-win32.whl", hash = "sha256:15f04cb45c051159baebb0f0037f404f1dc2f15a927418f29730f411a79bc4e7"},
    {file = "ruff-0.14.8-py3-none-win_amd64.whl", hash = "sha256:9eeb0b24242b5bbff3011409a739929f497f3fb5fe3b5698aba5e77e8c833097"},
    {file = "ruff-0.14.8-py3-none-win_arm64.whl", hash = "sha256:965a582c93c63fe715fd3e3f8aa37c4b776777203d8e1d8aa3cc0c14424a4b99"},
    {file = "ruff-0.14.8.tar.gz", hash = "sha256:774ed0dd87d6ce925e3b8496feb3a00ac564bea52b9feb551ecd17e0a23d1eed"},
]

[metadata]
lock-version = "2.1"
python-versions = "^3.14"
content-hash = "9b72887e28865707b2f8ce6be2eac756a9d2d9d2ef404ccb23c3e8b6ee3c8fc4"
